{
  "name": "@ce-net/worker",
  "version": "0.2.0",
  "lockfileVersion": 3,
  "requires": true,
  "packages": {
    "": {
      "name": "@ce-net/worker",
      "version": "0.2.0",
      "dependencies": {
        "@ce-net/sdk": "file:../ce-ts"
      },
      "bin": {
        "ce-worker": "worker.js"
      },
      "engines": {
        "node": ">=20"
      }
    },
    "../ce-ts": {
      "name": "@ce-net/sdk",
      "version": "0.1.0",
      "license": "AGPL-3.0-only",
      "workspaces": [
        "graph",
        "cap",
        "agent"
      ],
      "devDependencies": {
        "@arethetypeswrong/cli": "^0.17.0",
        "@types/node": "^22.0.0",
        "publint": "^0.3.0",
        "tsdown": "^0.12.0",
        "tsx": "^4.22.4",
        "typescript": "^5.6.0",
        "vitest": "^3.0.0"
      },
      "engines": {
        "node": ">=20"
      }
    },
    "node_modules/@ce-net/sdk": {
      "resolved": "../ce-ts",
      "link": true
    }
  }
}
